
Microsoft Visual Studio Solution File, Format Version 12.00
# Visual Studio Version 17
VisualStudioVersion = 17.2.32630.192
MinimumVisualStudioVersion = 10.0.40219.1
Project("{FAE04EC0-301F-11D3-BF4B-00C04F79EFBC}") = "DIPLOM", "DIPLOM\DIPLOM.csproj", "{EA970310-0C41-4920-AE0D-29CEA5686303}"
EndProject
Global
	GlobalSection(SolutionConfigurationPlatforms) = preSolution
		Debug|Any CPU = Debug|Any CPU
		Release|Any CPU = Release|Any CPU
	EndGlobalSection
	GlobalSection(ProjectConfigurationPlatforms) = postSolution
		{EA970310-0C41-4920-AE0D-29CEA5686303}.Debug|Any CPU.ActiveCfg = Debug|Any CPU
		{EA970310-0C41-4920-AE0D-29CEA5686303}.Debug|Any CPU.Build.0 = Debug|Any CPU
		{EA970310-0C41-4920-AE0D-29CEA5686303}.Release|Any CPU.ActiveCfg = Release|Any CPU
		{EA970310-0C41-4920-AE0D-29CEA5686303}.Release|Any CPU.Build.0 = Release|Any CPU
	EndGlobalSection
	GlobalSection(SolutionProperties) = preSolution
		HideSolutionNode = FALSE
	EndGlobalSection
	GlobalSection(ExtensibilityGlobals) = postSolution
		SolutionGuid = {3EB70C78-07B5-4A2F-BBB5-B705DCCD507C}
	EndGlobalSection
EndGlobal
